
Microsoft Visual Studio Solution File, Format Version 12.00
# Visual Studio 15
VisualStudioVersion = 15.0.26430.16
MinimumVisualStudioVersion = 10.0.40219.1
Project("{FAE04EC0-301F-11D3-BF4B-00C04F79EFBC}") = "Vista.Docs.App", "Vista.Docs.App\Vista.Docs.App.csproj", "{426B6AB9-76C1-46EB-99CD-15B25EAB7700}"
EndProject
Project("{FAE04EC0-301F-11D3-BF4B-00C04F79EFBC}") = "Vista.Docs.Web", "Vista.Docs.Web\Vista.Docs.Web.csproj", "{C00944DE-C892-46FB-9D65-6EFA76CC3DCA}"
EndProject
Global
	GlobalSection(SolutionConfigurationPlatforms) = preSolution
		Debug|Any CPU = Debug|Any CPU
		Release|Any CPU = Release|Any CPU
	EndGlobalSection
	GlobalSection(ProjectConfigurationPlatforms) = postSolution
		{426B6AB9-76C1-46EB-99CD-15B25EAB7700}.Debug|Any CPU.ActiveCfg = Debug|Any CPU
		{426B6AB9-76C1-46EB-99CD-15B25EAB7700}.Debug|Any CPU.Build.0 = Debug|Any CPU
		{426B6AB9-76C1-46EB-99CD-15B25EAB7700}.Release|Any CPU.ActiveCfg = Release|Any CPU
		{426B6AB9-76C1-46EB-99CD-15B25EAB7700}.Release|Any CPU.Build.0 = Release|Any CPU
		{C00944DE-C892-46FB-9D65-6EFA76CC3DCA}.Debug|Any CPU.ActiveCfg = Debug|Any CPU
		{C00944DE-C892-46FB-9D65-6EFA76CC3DCA}.Debug|Any CPU.Build.0 = Debug|Any CPU
		{C00944DE-C892-46FB-9D65-6EFA76CC3DCA}.Release|Any CPU.ActiveCfg = Release|Any CPU
		{C00944DE-C892-46FB-9D65-6EFA76CC3DCA}.Release|Any CPU.Build.0 = Release|Any CPU
	EndGlobalSection
	GlobalSection(SolutionProperties) = preSolution
		HideSolutionNode = FALSE
	EndGlobalSection
EndGlobal
